
Microsoft Visual Studio Solution File, Format Version 12.00
# Visual Studio Version 17
VisualStudioVersion = 17.6.33829.357
MinimumVisualStudioVersion = 10.0.40219.1
Project("{9A19103F-16F7-4668-BE54-9A1E7A4F7556}") = "ToDoList", "ToDoList\ToDoList.csproj", "{1BA838DC-5221-4161-B868-5BA41A33A403}"
EndProject
Project("{FAE04EC0-301F-11D3-BF4B-00C04F79EFBC}") = "ToDoListUI", "ToDoListUI\ToDoListUI.csproj", "{A6CA1850-C13D-4578-9241-FC771003D95D}"
EndProject
Project("{FAE04EC0-301F-11D3-BF4B-00C04F79EFBC}") = "DataLibrary", "DataLibrary\DataLibrary.csproj", "{EAC493A7-F537-4AFD-B3D7-265500AF9E17}"
EndProject
Global
	GlobalSection(SolutionConfigurationPlatforms) = preSolution
		Debug|Any CPU = Debug|Any CPU
		Release|Any CPU = Release|Any CPU
	EndGlobalSection
	GlobalSection(ProjectConfigurationPlatforms) = postSolution
		{1BA838DC-5221-4161-B868-5BA41A33A403}.Debug|Any CPU.ActiveCfg = Debug|Any CPU
		{1BA838DC-5221-4161-B868-5BA41A33A403}.Debug|Any CPU.Build.0 = Debug|Any CPU
		{1BA838DC-5221-4161-B868-5BA41A33A403}.Release|Any CPU.ActiveCfg = Release|Any CPU
		{1BA838DC-5221-4161-B868-5BA41A33A403}.Release|Any CPU.Build.0 = Release|Any CPU
		{A6CA1850-C13D-4578-9241-FC771003D95D}.Debug|Any CPU.ActiveCfg = Debug|Any CPU
		{A6CA1850-C13D-4578-9241-FC771003D95D}.Debug|Any CPU.Build.0 = Debug|Any CPU
		{A6CA1850-C13D-4578-9241-FC771003D95D}.Release|Any CPU.ActiveCfg = Release|Any CPU
		{A6CA1850-C13D-4578-9241-FC771003D95D}.Release|Any CPU.Build.0 = Release|Any CPU
		{EAC493A7-F537-4AFD-B3D7-265500AF9E17}.Debug|Any CPU.ActiveCfg = Debug|Any CPU
		{EAC493A7-F537-4AFD-B3D7-265500AF9E17}.Debug|Any CPU.Build.0 = Debug|Any CPU
		{EAC493A7-F537-4AFD-B3D7-265500AF9E17}.Release|Any CPU.ActiveCfg = Release|Any CPU
		{EAC493A7-F537-4AFD-B3D7-265500AF9E17}.Release|Any CPU.Build.0 = Release|Any CPU
	EndGlobalSection
	GlobalSection(SolutionProperties) = preSolution
		HideSolutionNode = FALSE
	EndGlobalSection
	GlobalSection(ExtensibilityGlobals) = postSolution
		SolutionGuid = {D1878A1A-C4C0-4231-AE5A-AE2CBCA42FDF}
	EndGlobalSection
EndGlobal
